
Microsoft Visual Studio Solution File, Format Version 12.00
# Visual Studio Version 17
VisualStudioVersion = 17.12.35527.113 d17.12
MinimumVisualStudioVersion = 10.0.40219.1
Project("{FAE04EC0-301F-11D3-BF4B-00C04F79EFBC}") = "RoslynAnalyzerWithV232Problem", "RoslynAnalyzerWithV232Problem\RoslynAnalyzerWithV232Problem\RoslynAnalyzerWithV232Problem.csproj", "{5B38AEFB-96DB-4340-A828-62E957E5AA91}"
EndProject
Project("{FAE04EC0-301F-11D3-BF4B-00C04F79EFBC}") = "RoslynAnalyzerWithV232Problem.CodeFixes", "RoslynAnalyzerWithV232Problem\RoslynAnalyzerWithV232Problem.CodeFixes\RoslynAnalyzerWithV232Problem.CodeFixes.csproj", "{D149C83C-BA19-4431-8637-54ED7A323158}"
EndProject
Project("{FAE04EC0-301F-11D3-BF4B-00C04F79EFBC}") = "RoslynAnalyzerWithV232Problem.Test", "RoslynAnalyzerWithV232Problem\RoslynAnalyzerWithV232Problem.Test\RoslynAnalyzerWithV232Problem.Test.csproj", "{D7ED0D7A-BA52-4062-8A58-D56C3548BE10}"
EndProject
Global
	GlobalSection(SolutionConfigurationPlatforms) = preSolution
		Debug|Any CPU = Debug|Any CPU
		Release|Any CPU = Release|Any CPU
	EndGlobalSection
	GlobalSection(ProjectConfigurationPlatforms) = postSolution
		{5B38AEFB-96DB-4340-A828-62E957E5AA91}.Debug|Any CPU.ActiveCfg = Debug|Any CPU
		{5B38AEFB-96DB-4340-A828-62E957E5AA91}.Debug|Any CPU.Build.0 = Debug|Any CPU
		{5B38AEFB-96DB-4340-A828-62E957E5AA91}.Release|Any CPU.ActiveCfg = Release|Any CPU
		{5B38AEFB-96DB-4340-A828-62E957E5AA91}.Release|Any CPU.Build.0 = Release|Any CPU
		{D149C83C-BA19-4431-8637-54ED7A323158}.Debug|Any CPU.ActiveCfg = Debug|Any CPU
		{D149C83C-BA19-4431-8637-54ED7A323158}.Debug|Any CPU.Build.0 = Debug|Any CPU
		{D149C83C-BA19-4431-8637-54ED7A323158}.Release|Any CPU.ActiveCfg = Release|Any CPU
		{D149C83C-BA19-4431-8637-54ED7A323158}.Release|Any CPU.Build.0 = Release|Any CPU
		{D7ED0D7A-BA52-4062-8A58-D56C3548BE10}.Debug|Any CPU.ActiveCfg = Debug|Any CPU
		{D7ED0D7A-BA52-4062-8A58-D56C3548BE10}.Debug|Any CPU.Build.0 = Debug|Any CPU
		{D7ED0D7A-BA52-4062-8A58-D56C3548BE10}.Release|Any CPU.ActiveCfg = Release|Any CPU
		{D7ED0D7A-BA52-4062-8A58-D56C3548BE10}.Release|Any CPU.Build.0 = Release|Any CPU
	EndGlobalSection
	GlobalSection(SolutionProperties) = preSolution
		HideSolutionNode = FALSE
	EndGlobalSection
EndGlobal
